
Microsoft Visual Studio Solution File, Format Version 12.00
# Visual Studio Version 17
VisualStudioVersion = 17.0.31912.275
MinimumVisualStudioVersion = 10.0.40219.1
Project("{FAE04EC0-301F-11D3-BF4B-00C04F79EFBC}") = "DojoK8S", "DojoK8S\DojoK8S.csproj", "{1DE28048-E1FC-463B-9B7B-D4B316F05663}"
EndProject
Global
	GlobalSection(SolutionConfigurationPlatforms) = preSolution
		Debug|Any CPU = Debug|Any CPU
		Release|Any CPU = Release|Any CPU
	EndGlobalSection
	GlobalSection(ProjectConfigurationPlatforms) = postSolution
		{1DE28048-E1FC-463B-9B7B-D4B316F05663}.Debug|Any CPU.ActiveCfg = Debug|Any CPU
		{1DE28048-E1FC-463B-9B7B-D4B316F05663}.Debug|Any CPU.Build.0 = Debug|Any CPU
		{1DE28048-E1FC-463B-9B7B-D4B316F05663}.Release|Any CPU.ActiveCfg = Release|Any CPU
		{1DE28048-E1FC-463B-9B7B-D4B316F05663}.Release|Any CPU.Build.0 = Release|Any CPU
	EndGlobalSection
	GlobalSection(SolutionProperties) = preSolution
		HideSolutionNode = FALSE
	EndGlobalSection
	GlobalSection(ExtensibilityGlobals) = postSolution
		SolutionGuid = {ECB4D6B3-22C0-4847-BB31-BD0056486102}
	EndGlobalSection
EndGlobal
